
Microsoft Visual Studio Solution File, Format Version 12.00
# Visual Studio Version 17
VisualStudioVersion = 17.11.35222.181
MinimumVisualStudioVersion = 10.0.40219.1
Project("{FAE04EC0-301F-11D3-BF4B-00C04F79EFBC}") = "LR_1", "LR_1\LR_1.csproj", "{91481883-33DE-441B-B2BE-B5FA11698C7F}"
EndProject
Global
	GlobalSection(SolutionConfigurationPlatforms) = preSolution
		Debug|Any CPU = Debug|Any CPU
		Release|Any CPU = Release|Any CPU
	EndGlobalSection
	GlobalSection(ProjectConfigurationPlatforms) = postSolution
		{91481883-33DE-441B-B2BE-B5FA11698C7F}.Debug|Any CPU.ActiveCfg = Debug|Any CPU
		{91481883-33DE-441B-B2BE-B5FA11698C7F}.Debug|Any CPU.Build.0 = Debug|Any CPU
		{91481883-33DE-441B-B2BE-B5FA11698C7F}.Release|Any CPU.ActiveCfg = Release|Any CPU
		{91481883-33DE-441B-B2BE-B5FA11698C7F}.Release|Any CPU.Build.0 = Release|Any CPU
	EndGlobalSection
	GlobalSection(SolutionProperties) = preSolution
		HideSolutionNode = FALSE
	EndGlobalSection
	GlobalSection(ExtensibilityGlobals) = postSolution
		SolutionGuid = {43ED1C9A-52DE-4833-AB69-3FE22AC54A6B}
	EndGlobalSection
EndGlobal
