
Microsoft Visual Studio Solution File, Format Version 12.00
# Visual Studio Version 17
VisualStudioVersion = 17.10.35027.167
MinimumVisualStudioVersion = 10.0.40219.1
Project("{FAE04EC0-301F-11D3-BF4B-00C04F79EFBC}") = "Lab2", "Lab2\Lab2.csproj", "{F04532F5-F59A-48A1-B3AF-D26F033E6798}"
EndProject
Global
	GlobalSection(SolutionConfigurationPlatforms) = preSolution
		Debug|Any CPU = Debug|Any CPU
		Release|Any CPU = Release|Any CPU
	EndGlobalSection
	GlobalSection(ProjectConfigurationPlatforms) = postSolution
		{F04532F5-F59A-48A1-B3AF-D26F033E6798}.Debug|Any CPU.ActiveCfg = Debug|Any CPU
		{F04532F5-F59A-48A1-B3AF-D26F033E6798}.Debug|Any CPU.Build.0 = Debug|Any CPU
		{F04532F5-F59A-48A1-B3AF-D26F033E6798}.Release|Any CPU.ActiveCfg = Release|Any CPU
		{F04532F5-F59A-48A1-B3AF-D26F033E6798}.Release|Any CPU.Build.0 = Release|Any CPU
	EndGlobalSection
	GlobalSection(SolutionProperties) = preSolution
		HideSolutionNode = FALSE
	EndGlobalSection
	GlobalSection(ExtensibilityGlobals) = postSolution
		SolutionGuid = {336D84C6-6D9F-42F8-A0CC-4A97D5836A01}
	EndGlobalSection
EndGlobal
